// !$*UTF8*$!
{
	archiveVersion = 1;
	classes = {
	};
	objectVersion = 77;
	objects = {

/* Begin PBXContainerItemProxy section */
		75C52B432F729A6E00A7E8AF /* PBXContainerItemProxy */ = {
			isa = PBXContainerItemProxy;
			containerPortal = 75C52B2D2F729A6D00A7E8AF /* Project object */;
			proxyType = 1;
			remoteGlobalIDString = 75C52B342F729A6D00A7E8AF;
			remoteInfo = MagicLSwitcher;
		};
		75C52B4D2F729A6E00A7E8AF /* PBXContainerItemProxy */ = {
			isa = PBXContainerItemProxy;
			containerPortal = 75C52B2D2F729A6D00A7E8AF /* Project object */;
			proxyType = 1;
			remoteGlobalIDString = 75C52B342F729A6D00A7E8AF;
			remoteInfo = MagicLSwitcher;
		};
/* End PBXContainerItemProxy section */

/* Begin PBXFileReference section */
		75C52B352F729A6D00A7E8AF /* MagicLSwitcher.app */ = {isa = PBXFileReference; explicitFileType = wrapper.application; includeInIndex = 0; path = MagicLSwitcher.app; sourceTree = BUILT_PRODUCTS_DIR; };
		75C52B422F729A6E00A7E8AF /* MagicLSwitcherTests.xctest */ = {isa = PBXFileReference; explicitFileType = wrapper.cfbundle; includeInIndex = 0; path = MagicLSwitcherTests.xctest; sourceTree = BUILT_PRODUCTS_DIR; };
		75C52B4C2F729A6E00A7E8AF /* MagicLSwitcherUITests.xctest */ = {isa = PBXFileReference; explicitFileType = wrapper.cfbundle; includeInIndex = 0; path = MagicLSwitcherUITests.xctest; sourceTree = BUILT_PRODUCTS_DIR; };
/* End PBXFileReference section */

/* Begin PBXFileSystemSynchronizedRootGroup section */
		75C52B372F729A6D00A7E8AF /* MagicLSwitcher */ = {
			isa = PBXFileSystemSynchronizedRootGroup;
			path = MagicLSwitcher;
			sourceTree = "<group>";
		};
		75C52B452F729A6E00A7E8AF /* MagicLSwitcherTests */ = {
			isa = PBXFileSystemSynchronizedRootGroup;
			path = MagicLSwitcherTests;
			sourceTree = "<group>";
		};
		75C52B4F2F729A6E00A7E8AF /* MagicLSwitcherUITests */ = {
			isa = PBXFileSystemSynchronizedRootGroup;
			path = MagicLSwitcherUITests;
			sourceTree = "<group>";
		};
/* End PBXFileSystemSynchronizedRootGroup section */

/* Begin PBXFrameworksBuildPhase section */
		75C52B322F729A6D00A7E8AF /* Frameworks */ = {
			isa = PBXFrameworksBuildPhase;
			buildActionMask = 2147483647;
			files = (
			);
			runOnlyForDeploymentPostprocessing = 0;
		};
		75C52B3F2F729A6E00A7E8AF /* Frameworks */ = {
			isa = PBXFrameworksBuildPhase;
			buildActionMask = 2147483647;
			files = (
			);
			runOnlyForDeploymentPostprocessing = 0;
		};
		75C52B492F729A6E00A7E8AF /* Frameworks */ = {
			isa = PBXFrameworksBuildPhase;
			buildActionMask = 2147483647;
			files = (
			);
			runOnlyForDeploymentPostprocessing = 0;
		};
/* End PBXFrameworksBuildPhase section */

/* Begin PBXGroup section */
		75C52B2C2F729A6D00A7E8AF = {
			isa = PBXGroup;
			children = (
				75C52B372F729A6D00A7E8AF /* MagicLSwitcher */,
				75C52B452F729A6E00A7E8AF /* MagicLSwitcherTests */,
				75C52B4F2F729A6E00A7E8AF /* MagicLSwitcherUITests */,
				75C52B362F729A6D00A7E8AF /* Products */,
			);
			sourceTree = "<group>";
		};
		75C52B362F729A6D00A7E8AF /* Products */ = {
			isa = PBXGroup;
			children = (
				75C52B352F729A6D00A7E8AF /* MagicLSwitcher.app */,
				75C52B422F729A6E00A7E8AF /* MagicLSwitcherTests.xctest */,
				75C52B4C2F729A6E00A7E8AF /* MagicLSwitcherUITests.xctest */,
			);
			name = Products;
			sourceTree = "<group>";
		};
/* End PBXGroup section */

/* Begin PBXNativeTarget section */
		75C52B342F729A6D00A7E8AF /* MagicLSwitcher */ = {
			isa = PBXNativeTarget;
			buildConfigurationList = 75C52B562F729A6E00A7E8AF /* Build configuration list for PBXNativeTarget "MagicLSwitcher" */;
			buildPhases = (
				75C52B312F729A6D00A7E8AF /* Sources */,
				75C52B322F729A6D00A7E8AF /* Frameworks */,
				75C52B332F729A6D00A7E8AF /* Resources */,
			);
			buildRules = (
			);
			dependencies = (
			);
			fileSystemSynchronizedGroups = (
				75C52B372F729A6D00A7E8AF /* MagicLSwitcher */,
			);
			name = MagicLSwitcher;
			packageProductDependencies = (
			);
			productName = MagicLSwitcher;
			productReference = 75C52B352F729A6D00A7E8AF /* MagicLSwitcher.app */;
			productType = "com.apple.product-type.application";
		};
		75C52B412F729A6E00A7E8AF /* MagicLSwitcherTests */ = {
			isa = PBXNativeTarget;
			buildConfigurationList = 75C52B592F729A6E00A7E8AF /* Build configuration list for PBXNativeTarget "MagicLSwitcherTests" */;
			buildPhases = (
				75C52B3E2F729A6E00A7E8AF /* Sources */,
				75C52B3F2F729A6E00A7E8AF /* Frameworks */,
				75C52B402F729A6E00A7E8AF /* Resources */,
			);
			buildRules = (
			);
			dependencies = (
				75C52B442F729A6E00A7E8AF /* PBXTargetDependency */,
			);
			fileSystemSynchronizedGroups = (
				75C52B452F729A6E00A7E8AF /* MagicLSwitcherTests */,
			);
			name = MagicLSwitcherTests;
			packageProductDependencies = (
			);
			productName = MagicLSwitcherTests;
			productReference = 75C52B422F729A6E00A7E8AF /* MagicLSwitcherTests.xctest */;
			productType = "com.apple.product-type.bundle.unit-test";
		};
		75C52B4B2F729A6E00A7E8AF /* MagicLSwitcherUITests */ = {
			isa = PBXNativeTarget;
			buildConfigurationList = 75C52B5C2F729A6E00A7E8AF /* Build configuration list for PBXNativeTarget "MagicLSwitcherUITests" */;
			buildPhases = (
				75C52B482F729A6E00A7E8AF /* Sources */,
				75C52B492F729A6E00A7E8AF /* Frameworks */,
				75C52B4A2F729A6E00A7E8AF /* Resources */,
			);
			buildRules = (
			);
			dependencies = (
				75C52B4E2F729A6E00A7E8AF /* PBXTargetDependency */,
			);
			fileSystemSynchronizedGroups = (
				75C52B4F2F729A6E00A7E8AF /* MagicLSwitcherUITests */,
			);
			name = MagicLSwitcherUITests;
			packageProductDependencies = (
			);
			productName = MagicLSwitcherUITests;
			productReference = 75C52B4C2F729A6E00A7E8AF /* MagicLSwitcherUITests.xctest */;
			productType = "com.apple.product-type.bundle.ui-testing";
		};
/* End PBXNativeTarget section */

/* Begin PBXProject section */
		75C52B2D2F729A6D00A7E8AF /* Project object */ = {
			isa = PBXProject;
			attributes = {
				BuildIndependentTargetsInParallel = 1;
				LastSwiftUpdateCheck = 2630;
				LastUpgradeCheck = 2630;
				TargetAttributes = {
					75C52B342F729A6D00A7E8AF = {
						CreatedOnToolsVersion = 26.3;
					};
					75C52B412F729A6E00A7E8AF = {
						CreatedOnToolsVersion = 26.3;
						TestTargetID = 75C52B342F729A6D00A7E8AF;
					};
					75C52B4B2F729A6E00A7E8AF = {
						CreatedOnToolsVersion = 26.3;
						TestTargetID = 75C52B342F729A6D00A7E8AF;
					};
				};
			};
			buildConfigurationList = 75C52B302F729A6D00A7E8AF /* Build configuration list for PBXProject "MagicLSwitcher" */;
			developmentRegion = en;
			hasScannedForEncodings = 0;
			knownRegions = (
				en,
				Base,
			);
			mainGroup = 75C52B2C2F729A6D00A7E8AF;
			minimizedProjectReferenceProxies = 1;
			preferredProjectObjectVersion = 77;
			productRefGroup = 75C52B362F729A6D00A7E8AF /* Products */;
			projectDirPath = "";
			projectRoot = "";
			targets = (
				75C52B342F729A6D00A7E8AF /* MagicLSwitcher */,
				75C52B412F729A6E00A7E8AF /* MagicLSwitcherTests */,
				75C52B4B2F729A6E00A7E8AF /* MagicLSwitcherUITests */,
			);
		};
/* End PBXProject section */

/* Begin PBXResourcesBuildPhase section */
		75C52B332F729A6D00A7E8AF /* Resources */ = {
			isa = PBXResourcesBuildPhase;
			buildActionMask = 2147483647;
			files = (
			);
			runOnlyForDeploymentPostprocessing = 0;
		};
		75C52B402F729A6E00A7E8AF /* Resources */ = {
			isa = PBXResourcesBuildPhase;
			buildActionMask = 2147483647;
			files = (
			);
			runOnlyForDeploymentPostprocessing = 0;
		};
		75C52B4A2F729A6E00A7E8AF /* Resources */ = {
			isa = PBXResourcesBuildPhase;
			buildActionMask = 2147483647;
			files = (
			);
			runOnlyForDeploymentPostprocessing = 0;
		};
/* End PBXResourcesBuildPhase section */

/* Begin PBXSourcesBuildPhase section */
		75C52B312F729A6D00A7E8AF /* Sources */ = {
			isa = PBXSourcesBuildPhase;
			buildActionMask = 2147483647;
			files = (
			);
			runOnlyForDeploymentPostprocessing = 0;
		};
		75C52B3E2F729A6E00A7E8AF /* Sources */ = {
			isa = PBXSourcesBuildPhase;
			buildActionMask = 2147483647;
			files = (
			);
			runOnlyForDeploymentPostprocessing = 0;
		};
		75C52B482F729A6E00A7E8AF /* Sources */ = {
			isa = PBXSourcesBuildPhase;
			buildActionMask = 2147483647;
			files = (
			);
			runOnlyForDeploymentPostprocessing = 0;
		};
/* End PBXSourcesBuildPhase section */

/* Begin PBXTargetDependency section */
		75C52B442F729A6E00A7E8AF /* PBXTargetDependency */ = {
			isa = PBXTargetDependency;
			target = 75C52B342F729A6D00A7E8AF /* MagicLSwitcher */;
			targetProxy = 75C52B432F729A6E00A7E8AF /* PBXContainerItemProxy */;
		};
		75C52B4E2F729A6E00A7E8AF /* PBXTargetDependency */ = {
			isa = PBXTargetDependency;
			target = 75C52B342F729A6D00A7E8AF /* MagicLSwitcher */;
			targetProxy = 75C52B4D2F729A6E00A7E8AF /* PBXContainerItemProxy */;
		};
/* End PBXTargetDependency section */

/* Begin XCBuildConfiguration section */
		75C52B542F729A6E00A7E8AF /* Debug */ = {
			isa = XCBuildConfiguration;
			buildSettings = {
				ALWAYS_SEARCH_USER_PATHS = NO;
				ASSETCATALOG_COMPILER_GENERATE_SWIFT_ASSET_SYMBOL_EXTENSIONS = YES;
				CLANG_ANALYZER_NONNULL = YES;
				CLANG_ANALYZER_NUMBER_OBJECT_CONVERSION = YES_AGGRESSIVE;
				CLANG_CXX_LANGUAGE_STANDARD = "gnu++20";
				CLANG_ENABLE_MODULES = YES;
				CLANG_ENABLE_OBJC_ARC = YES;
				CLANG_ENABLE_OBJC_WEAK = YES;
				CLANG_WARN_BLOCK_CAPTURE_AUTORELEASING = YES;
				CLANG_WARN_BOOL_CONVERSION = YES;
				CLANG_WARN_COMMA = YES;
				CLANG_WARN_CONSTANT_CONVERSION = YES;
				CLANG_WARN_DEPRECATED_OBJC_IMPLEMENTATIONS = YES;
				CLANG_WARN_DIRECT_OBJC_ISA_USAGE = YES_ERROR;
				CLANG_WARN_DOCUMENTATION_COMMENTS = YES;
				CLANG_WARN_EMPTY_BODY = YES;
				CLANG_WARN_ENUM_CONVERSION = YES;
				CLANG_WARN_INFINITE_RECURSION = YES;
				CLANG_WARN_INT_CONVERSION = YES;
				CLANG_WARN_NON_LITERAL_NULL_CONVERSION = YES;
				CLANG_WARN_OBJC_IMPLICIT_RETAIN_SELF = YES;
				CLANG_WARN_OBJC_LITERAL_CONVERSION = YES;
				CLANG_WARN_OBJC_ROOT_CLASS = YES_ERROR;
				CLANG_WARN_QUOTED_INCLUDE_IN_FRAMEWORK_HEADER = YES;
				CLANG_WARN_RANGE_LOOP_ANALYSIS = YES;
				CLANG_WARN_STRICT_PROTOTYPES = YES;
				CLANG_WARN_SUSPICIOUS_MOVE = YES;
				CLANG_WARN_UNGUARDED_AVAILABILITY = YES_AGGRESSIVE;
				CLANG_WARN_UNREACHABLE_CODE = YES;
				CLANG_WARN__DUPLICATE_METHOD_MATCH = YES;
				COPY_PHASE_STRIP = NO;
				DEBUG_INFORMATION_FORMAT = dwarf;
				DEVELOPMENT_TEAM = 9FZXDM5KV5;
				ENABLE_STRICT_OBJC_MSGSEND = YES;
				ENABLE_TESTABILITY = YES;
				ENABLE_USER_SCRIPT_SANDBOXING = YES;
				GCC_C_LANGUAGE_STANDARD = gnu17;
				GCC_DYNAMIC_NO_PIC = NO;
				GCC_NO_COMMON_BLOCKS = YES;
				GCC_OPTIMIZATION_LEVEL = 0;
				GCC_PREPROCESSOR_DEFINITIONS = (
					"DEBUG=1",
					"$(inherited)",
				);
				GCC_WARN_64_TO_32_BIT_CONVERSION = YES;
				GCC_WARN_ABOUT_RETURN_TYPE = YES_ERROR;
				GCC_WARN_UNDECLARED_SELECTOR = YES;
				GCC_WARN_UNINITIALIZED_AUTOS = YES_AGGRESSIVE;
				GCC_WARN_UNUSED_FUNCTION = YES;
				GCC_WARN_UNUSED_VARIABLE = YES;
				LOCALIZATION_PREFERS_STRING_CATALOGS = YES;
				MACOSX_DEPLOYMENT_TARGET = 26.2;
				MTL_ENABLE_DEBUG_INFO = INCLUDE_SOURCE;
				MTL_FAST_MATH = YES;
				ONLY_ACTIVE_ARCH = YES;
				SDKROOT = macosx;
				SWIFT_ACTIVE_COMPILATION_CONDITIONS = "DEBUG $(inherited)";
				SWIFT_OPTIMIZATION_LEVEL = "-Onone";
			};
			name = Debug;
		};
		75C52B552F729A6E00A7E8AF /* Release */ = {
			isa = XCBuildConfiguration;
			buildSettings = {
				ALWAYS_SEARCH_USER_PATHS = NO;
				ASSETCATALOG_COMPILER_GENERATE_SWIFT_ASSET_SYMBOL_EXTENSIONS = YES;
				CLANG_ANALYZER_NONNULL = YES;
				CLANG_ANALYZER_NUMBER_OBJECT_CONVERSION = YES_AGGRESSIVE;
				CLANG_CXX_LANGUAGE_STANDARD = "gnu++20";
				CLANG_ENABLE_MODULES = YES;
				CLANG_ENABLE_OBJC_ARC = YES;
				CLANG_ENABLE_OBJC_WEAK = YES;
				CLANG_WARN_BLOCK_CAPTURE_AUTORELEASING = YES;
				CLANG_WARN_BOOL_CONVERSION = YES;
				CLANG_WARN_COMMA = YES;
				CLANG_WARN_CONSTANT_CONVERSION = YES;
				CLANG_WARN_DEPRECATED_OBJC_IMPLEMENTATIONS = YES;
				CLANG_WARN_DIRECT_OBJC_ISA_USAGE = YES_ERROR;
				CLANG_WARN_DOCUMENTATION_COMMENTS = YES;
				CLANG_WARN_EMPTY_BODY = YES;
				CLANG_WARN_ENUM_CONVERSION = YES;
				CLANG_WARN_INFINITE_RECURSION = YES;
				CLANG_WARN_INT_CONVERSION = YES;
				CLANG_WARN_NON_LITERAL_NULL_CONVERSION = YES;
				CLANG_WARN_OBJC_IMPLICIT_RETAIN_SELF = YES;
				CLANG_WARN_OBJC_LITERAL_CONVERSION = YES;
				CLANG_WARN_OBJC_ROOT_CLASS = YES_ERROR;
				CLANG_WARN_QUOTED_INCLUDE_IN_FRAMEWORK_HEADER = YES;
				CLANG_WARN_RANGE_LOOP_ANALYSIS = YES;
				CLANG_WARN_STRICT_PROTOTYPES = YES;
				CLANG_WARN_SUSPICIOUS_MOVE = YES;
				CLANG_WARN_UNGUARDED_AVAILABILITY = YES_AGGRESSIVE;
				CLANG_WARN_UNREACHABLE_CODE = YES;
				CLANG_WARN__DUPLICATE_METHOD_MATCH = YES;
				COPY_PHASE_STRIP = NO;
				DEBUG_INFORMATION_FORMAT = "dwarf-with-dsym";
				DEVELOPMENT_TEAM = 9FZXDM5KV5;
				ENABLE_NS_ASSERTIONS = NO;
				ENABLE_STRICT_OBJC_MSGSEND = YES;
				ENABLE_USER_SCRIPT_SANDBOXING = YES;
				GCC_C_LANGUAGE_STANDARD = gnu17;
				GCC_NO_COMMON_BLOCKS = YES;
				GCC_WARN_64_TO_32_BIT_CONVERSION = YES;
				GCC_WARN_ABOUT_RETURN_TYPE = YES_ERROR;
				GCC_WARN_UNDECLARED_SELECTOR = YES;
				GCC_WARN_UNINITIALIZED_AUTOS = YES_AGGRESSIVE;
				GCC_WARN_UNUSED_FUNCTION = YES;
				GCC_WARN_UNUSED_VARIABLE = YES;
				LOCALIZATION_PREFERS_STRING_CATALOGS = YES;
				MACOSX_DEPLOYMENT_TARGET = 26.2;
				MTL_ENABLE_DEBUG_INFO = NO;
				MTL_FAST_MATH = YES;
				SDKROOT = macosx;
				SWIFT_COMPILATION_MODE = wholemodule;
			};
			name = Release;
		};
		75C52B572F729A6E00A7E8AF /* Debug */ = {
			isa = XCBuildConfiguration;
			buildSettings = {
				ASSETCATALOG_COMPILER_APPICON_NAME = AppIcon;
				ASSETCATALOG_COMPILER_GLOBAL_ACCENT_COLOR_NAME = AccentColor;
				CODE_SIGN_STYLE = Automatic;
				COMBINE_HIDPI_IMAGES = YES;
				CURRENT_PROJECT_VERSION = 1;
				DEVELOPMENT_TEAM = 9FZXDM5KV5;
				ENABLE_APP_SANDBOX = YES;
				ENABLE_HARDENED_RUNTIME = YES;
				ENABLE_PREVIEWS = YES;
				ENABLE_USER_SELECTED_FILES = readonly;
				GENERATE_INFOPLIST_FILE = YES;
				INFOPLIST_KEY_NSHumanReadableCopyright = "";
				LD_RUNPATH_SEARCH_PATHS = (
					"$(inherited)",
					"@executable_path/../Frameworks",
				);
				MARKETING_VERSION = 1.0;
				PRODUCT_BUNDLE_IDENTIFIER = com.KhachaturAbramian.MagicLSwitcher;
				PRODUCT_NAME = "$(TARGET_NAME)";
				REGISTER_APP_GROUPS = YES;
				STRING_CATALOG_GENERATE_SYMBOLS = YES;
				SWIFT_APPROACHABLE_CONCURRENCY = YES;
				SWIFT_DEFAULT_ACTOR_ISOLATION = MainActor;
				SWIFT_EMIT_LOC_STRINGS = YES;
				SWIFT_UPCOMING_FEATURE_MEMBER_IMPORT_VISIBILITY = YES;
				SWIFT_VERSION = 5.0;
			};
			name = Debug;
		};
		75C52B582F729A6E00A7E8AF /* Release */ = {
			isa = XCBuildConfiguration;
			buildSettings = {
				ASSETCATALOG_COMPILER_APPICON_NAME = AppIcon;
				ASSETCATALOG_COMPILER_GLOBAL_ACCENT_COLOR_NAME = AccentColor;
				CODE_SIGN_STYLE = Automatic;
				COMBINE_HIDPI_IMAGES = YES;
				CURRENT_PROJECT_VERSION = 1;
				DEVELOPMENT_TEAM = 9FZXDM5KV5;
				ENABLE_APP_SANDBOX = YES;
				ENABLE_HARDENED_RUNTIME = YES;
				ENABLE_PREVIEWS = YES;
				ENABLE_USER_SELECTED_FILES = readonly;
				GENERATE_INFOPLIST_FILE = YES;
				INFOPLIST_KEY_NSHumanReadableCopyright = "";
				LD_RUNPATH_SEARCH_PATHS = (
					"$(inherited)",
					"@executable_path/../Frameworks",
				);
				MARKETING_VERSION = 1.0;
				PRODUCT_BUNDLE_IDENTIFIER = com.KhachaturAbramian.MagicLSwitcher;
				PRODUCT_NAME = "$(TARGET_NAME)";
				REGISTER_APP_GROUPS = YES;
				STRING_CATALOG_GENERATE_SYMBOLS = YES;
				SWIFT_APPROACHABLE_CONCURRENCY = YES;
				SWIFT_DEFAULT_ACTOR_ISOLATION = MainActor;
				SWIFT_EMIT_LOC_STRINGS = YES;
				SWIFT_UPCOMING_FEATURE_MEMBER_IMPORT_VISIBILITY = YES;
				SWIFT_VERSION = 5.0;
			};
			name = Release;
		};
		75C52B5A2F729A6E00A7E8AF /* Debug */ = {
			isa = XCBuildConfiguration;
			buildSettings = {
				BUNDLE_LOADER = "$(TEST_HOST)";
				CODE_SIGN_STYLE = Automatic;
				CURRENT_PROJECT_VERSION = 1;
				DEVELOPMENT_TEAM = 9FZXDM5KV5;
				GENERATE_INFOPLIST_FILE = YES;
				MACOSX_DEPLOYMENT_TARGET = 26.2;
				MARKETING_VERSION = 1.0;
				PRODUCT_BUNDLE_IDENTIFIER = com.KhachaturAbramian.MagicLSwitcherTests;
				PRODUCT_NAME = "$(TARGET_NAME)";
				STRING_CATALOG_GENERATE_SYMBOLS = NO;
				SWIFT_APPROACHABLE_CONCURRENCY = YES;
				SWIFT_EMIT_LOC_STRINGS = NO;
				SWIFT_UPCOMING_FEATURE_MEMBER_IMPORT_VISIBILITY = YES;
				SWIFT_VERSION = 5.0;
				TEST_HOST = "$(BUILT_PRODUCTS_DIR)/MagicLSwitcher.app/$(BUNDLE_EXECUTABLE_FOLDER_PATH)/MagicLSwitcher";
			};
			name = Debug;
		};
		75C52B5B2F729A6E00A7E8AF /* Release */ = {
			isa = XCBuildConfiguration;
			buildSettings = {
				BUNDLE_LOADER = "$(TEST_HOST)";
				CODE_SIGN_STYLE = Automatic;
				CURRENT_PROJECT_VERSION = 1;
				DEVELOPMENT_TEAM = 9FZXDM5KV5;
				GENERATE_INFOPLIST_FILE = YES;
				MACOSX_DEPLOYMENT_TARGET = 26.2;
				MARKETING_VERSION = 1.0;
				PRODUCT_BUNDLE_IDENTIFIER = com.KhachaturAbramian.MagicLSwitcherTests;
				PRODUCT_NAME = "$(TARGET_NAME)";
				STRING_CATALOG_GENERATE_SYMBOLS = NO;
				SWIFT_APPROACHABLE_CONCURRENCY = YES;
				SWIFT_EMIT_LOC_STRINGS = NO;
				SWIFT_UPCOMING_FEATURE_MEMBER_IMPORT_VISIBILITY = YES;
				SWIFT_VERSION = 5.0;
				TEST_HOST = "$(BUILT_PRODUCTS_DIR)/MagicLSwitcher.app/$(BUNDLE_EXECUTABLE_FOLDER_PATH)/MagicLSwitcher";
			};
			name = Release;
		};
		75C52B5D2F729A6E00A7E8AF /* Debug */ = {
			isa = XCBuildConfiguration;
			buildSettings = {
				CODE_SIGN_STYLE = Automatic;
				CURRENT_PROJECT_VERSION = 1;
				DEVELOPMENT_TEAM = 9FZXDM5KV5;
				GENERATE_INFOPLIST_FILE = YES;
				MARKETING_VERSION = 1.0;
				PRODUCT_BUNDLE_IDENTIFIER = com.KhachaturAbramian.MagicLSwitcherUITests;
				PRODUCT_NAME = "$(TARGET_NAME)";
				STRING_CATALOG_GENERATE_SYMBOLS = NO;
				SWIFT_APPROACHABLE_CONCURRENCY = YES;
				SWIFT_EMIT_LOC_STRINGS = NO;
				SWIFT_UPCOMING_FEATURE_MEMBER_IMPORT_VISIBILITY = YES;
				SWIFT_VERSION = 5.0;
				TEST_TARGET_NAME = MagicLSwitcher;
			};
			name = Debug;
		};
		75C52B5E2F729A6E00A7E8AF /* Release */ = {
			isa = XCBuildConfiguration;
			buildSettings = {
				CODE_SIGN_STYLE = Automatic;
				CURRENT_PROJECT_VERSION = 1;
				DEVELOPMENT_TEAM = 9FZXDM5KV5;
				GENERATE_INFOPLIST_FILE = YES;
				MARKETING_VERSION = 1.0;
				PRODUCT_BUNDLE_IDENTIFIER = com.KhachaturAbramian.MagicLSwitcherUITests;
				PRODUCT_NAME = "$(TARGET_NAME)";
				STRING_CATALOG_GENERATE_SYMBOLS = NO;
				SWIFT_APPROACHABLE_CONCURRENCY = YES;
				SWIFT_EMIT_LOC_STRINGS = NO;
				SWIFT_UPCOMING_FEATURE_MEMBER_IMPORT_VISIBILITY = YES;
				SWIFT_VERSION = 5.0;
				TEST_TARGET_NAME = MagicLSwitcher;
			};
			name = Release;
		};
/* End XCBuildConfiguration section */

/* Begin XCConfigurationList section */
		75C52B302F729A6D00A7E8AF /* Build configuration list for PBXProject "MagicLSwitcher" */ = {
			isa = XCConfigurationList;
			buildConfigurations = (
				75C52B542F729A6E00A7E8AF /* Debug */,
				75C52B552F729A6E00A7E8AF /* Release */,
			);
			defaultConfigurationIsVisible = 0;
			defaultConfigurationName = Release;
		};
		75C52B562F729A6E00A7E8AF /* Build configuration list for PBXNativeTarget "MagicLSwitcher" */ = {
			isa = XCConfigurationList;
			buildConfigurations = (
				75C52B572F729A6E00A7E8AF /* Debug */,
				75C52B582F729A6E00A7E8AF /* Release */,
			);
			defaultConfigurationIsVisible = 0;
			defaultConfigurationName = Release;
		};
		75C52B592F729A6E00A7E8AF /* Build configuration list for PBXNativeTarget "MagicLSwitcherTests" */ = {
			isa = XCConfigurationList;
			buildConfigurations = (
				75C52B5A2F729A6E00A7E8AF /* Debug */,
				75C52B5B2F729A6E00A7E8AF /* Release */,
			);
			defaultConfigurationIsVisible = 0;
			defaultConfigurationName = Release;
		};
		75C52B5C2F729A6E00A7E8AF /* Build configuration list for PBXNativeTarget "MagicLSwitcherUITests" */ = {
			isa = XCConfigurationList;
			buildConfigurations = (
				75C52B5D2F729A6E00A7E8AF /* Debug */,
				75C52B5E2F729A6E00A7E8AF /* Release */,
			);
			defaultConfigurationIsVisible = 0;
			defaultConfigurationName = Release;
		};
/* End XCConfigurationList section */
	};
	rootObject = 75C52B2D2F729A6D00A7E8AF /* Project object */;
}
